// !$*UTF8*$!
{
	archiveVersion = 1;
	classes = {
	};
	objectVersion = 46;
	objects = {

/* Begin PBXBuildFile section */
		642CA58D1949D6E300820639 /* AppDelegate.swift in Sources */ = {isa = PBXBuildFile; fileRef = 642CA58C1949D6E300820639 /* AppDelegate.swift */; };
		642CA58F1949D6E300820639 /* Images.xcassets in Resources */ = {isa = PBXBuildFile; fileRef = 642CA58E1949D6E300820639 /* Images.xcassets */; };
		642CA59B1949D6E300820639 /* BuildConfigurationsTests.swift in Sources */ = {isa = PBXBuildFile; fileRef = 642CA59A1949D6E300820639 /* BuildConfigurationsTests.swift */; };
/* End PBXBuildFile section */

/* Begin PBXContainerItemProxy section */
		642CA5951949D6E300820639 /* PBXContainerItemProxy */ = {
			isa = PBXContainerItemProxy;
			containerPortal = 642CA57F1949D6E300820639 /* Project object */;
			proxyType = 1;
			remoteGlobalIDString = 642CA5861949D6E300820639;
			remoteInfo = BuildConfigurations;
		};
/* End PBXContainerItemProxy section */

/* Begin PBXFileReference section */
		642CA5871949D6E300820639 /* BuildConfigurations.app */ = {isa = PBXFileReference; explicitFileType = wrapper.application; includeInIndex = 0; path = BuildConfigurations.app; sourceTree = BUILT_PRODUCTS_DIR; };
		642CA58B1949D6E300820639 /* Info.plist */ = {isa = PBXFileReference; lastKnownFileType = text.plist.xml; path = Info.plist; sourceTree = "<group>"; };
		642CA58C1949D6E300820639 /* AppDelegate.swift */ = {isa = PBXFileReference; lastKnownFileType = sourcecode.swift; path = AppDelegate.swift; sourceTree = "<group>"; };
		642CA58E1949D6E300820639 /* Images.xcassets */ = {isa = PBXFileReference; lastKnownFileType = folder.assetcatalog; path = Images.xcassets; sourceTree = "<group>"; };
		642CA5941949D6E300820639 /* BuildConfigurationsTests.xctest */ = {isa = PBXFileReference; explicitFileType = wrapper.cfbundle; includeInIndex = 0; path = BuildConfigurationsTests.xctest; sourceTree = BUILT_PRODUCTS_DIR; };
		642CA5991949D6E300820639 /* Info.plist */ = {isa = PBXFileReference; lastKnownFileType = text.plist.xml; path = Info.plist; sourceTree = "<group>"; };
		642CA59A1949D6E300820639 /* BuildConfigurationsTests.swift */ = {isa = PBXFileReference; lastKnownFileType = sourcecode.swift; path = BuildConfigurationsTests.swift; sourceTree = "<group>"; };
/* End PBXFileReference section */

/* Begin PBXFrameworksBuildPhase section */
		642CA5841949D6E300820639 /* Frameworks */ = {
			isa = PBXFrameworksBuildPhase;
			buildActionMask = 2147483647;
			files = (
			);
			runOnlyForDeploymentPostprocessing = 0;
		};
		642CA5911949D6E300820639 /* Frameworks */ = {
			isa = PBXFrameworksBuildPhase;
			buildActionMask = 2147483647;
			files = (
			);
			runOnlyForDeploymentPostprocessing = 0;
		};
/* End PBXFrameworksBuildPhase section */

/* Begin PBXGroup section */
		642CA57E1949D6E300820639 = {
			isa = PBXGroup;
			children = (
				642CA5891949D6E300820639 /* BuildConfigurations */,
				642CA5971949D6E300820639 /* BuildConfigurationsTests */,
				642CA5881949D6E300820639 /* Products */,
			);
			sourceTree = "<group>";
		};
		642CA5881949D6E300820639 /* Products */ = {
			isa = PBXGroup;
			children = (
				642CA5871949D6E300820639 /* BuildConfigurations.app */,
				642CA5941949D6E300820639 /* BuildConfigurationsTests.xctest */,
			);
			name = Products;
			sourceTree = "<group>";
		};
		642CA5891949D6E300820639 /* BuildConfigurations */ = {
			isa = PBXGroup;
			children = (
				642CA58C1949D6E300820639 /* AppDelegate.swift */,
				642CA58E1949D6E300820639 /* Images.xcassets */,
				642CA58A1949D6E300820639 /* Supporting Files */,
			);
			path = BuildConfigurations;
			sourceTree = "<group>";
		};
		642CA58A1949D6E300820639 /* Supporting Files */ = {
			isa = PBXGroup;
			children = (
				642CA58B1949D6E300820639 /* Info.plist */,
			);
			name = "Supporting Files";
			sourceTree = "<group>";
		};
		642CA5971949D6E300820639 /* BuildConfigurationsTests */ = {
			isa = PBXGroup;
			children = (
				642CA59A1949D6E300820639 /* BuildConfigurationsTests.swift */,
				642CA5981949D6E300820639 /* Supporting Files */,
			);
			path = BuildConfigurationsTests;
			sourceTree = "<group>";
		};
		642CA5981949D6E300820639 /* Supporting Files */ = {
			isa = PBXGroup;
			children = (
				642CA5991949D6E300820639 /* Info.plist */,
			);
			name = "Supporting Files";
			sourceTree = "<group>";
		};
/* End PBXGroup section */

/* Begin PBXNativeTarget section */
		642CA5861949D6E300820639 /* BuildConfigurations */ = {
			isa = PBXNativeTarget;
			buildConfigurationList = 642CA59E1949D6E300820639 /* Build configuration list for PBXNativeTarget "BuildConfigurations" */;
			buildPhases = (
				642CA5831949D6E300820639 /* Sources */,
				642CA5841949D6E300820639 /* Frameworks */,
				642CA5851949D6E300820639 /* Resources */,
			);
			buildRules = (
			);
			dependencies = (
			);
			name = BuildConfigurations;
			productName = BuildConfigurations;
			productReference = 642CA5871949D6E300820639 /* BuildConfigurations.app */;
			productType = "com.apple.product-type.application";
		};
		642CA5931949D6E300820639 /* BuildConfigurationsTests */ = {
			isa = PBXNativeTarget;
			buildConfigurationList = 642CA5A11949D6E300820639 /* Build configuration list for PBXNativeTarget "BuildConfigurationsTests" */;
			buildPhases = (
				642CA5901949D6E300820639 /* Sources */,
				642CA5911949D6E300820639 /* Frameworks */,
				642CA5921949D6E300820639 /* Resources */,
			);
			buildRules = (
			);
			dependencies = (
				642CA5961949D6E300820639 /* PBXTargetDependency */,
			);
			name = BuildConfigurationsTests;
			productName = BuildConfigurationsTests;
			productReference = 642CA5941949D6E300820639 /* BuildConfigurationsTests.xctest */;
			productType = "com.apple.product-type.bundle.unit-test";
		};
/* End PBXNativeTarget section */

/* Begin PBXProject section */
		642CA57F1949D6E300820639 /* Project object */ = {
			isa = PBXProject;
			attributes = {
				LastUpgradeCheck = 0600;
				ORGANIZATIONNAME = "Mikael Konutgan";
				TargetAttributes = {
					642CA5861949D6E300820639 = {
						CreatedOnToolsVersion = 6.0;
					};
					642CA5931949D6E300820639 = {
						CreatedOnToolsVersion = 6.0;
						TestTargetID = 642CA5861949D6E300820639;
					};
				};
			};
			buildConfigurationList = 642CA5821949D6E300820639 /* Build configuration list for PBXProject "BuildConfigurations" */;
			compatibilityVersion = "Xcode 3.2";
			developmentRegion = English;
			hasScannedForEncodings = 0;
			knownRegions = (
				en,
			);
			mainGroup = 642CA57E1949D6E300820639;
			productRefGroup = 642CA5881949D6E300820639 /* Products */;
			projectDirPath = "";
			projectRoot = "";
			targets = (
				642CA5861949D6E300820639 /* BuildConfigurations */,
				642CA5931949D6E300820639 /* BuildConfigurationsTests */,
			);
		};
/* End PBXProject section */

/* Begin PBXResourcesBuildPhase section */
		642CA5851949D6E300820639 /* Resources */ = {
			isa = PBXResourcesBuildPhase;
			buildActionMask = 2147483647;
			files = (
				642CA58F1949D6E300820639 /* Images.xcassets in Resources */,
			);
			runOnlyForDeploymentPostprocessing = 0;
		};
		642CA5921949D6E300820639 /* Resources */ = {
			isa = PBXResourcesBuildPhase;
			buildActionMask = 2147483647;
			files = (
			);
			runOnlyForDeploymentPostprocessing = 0;
		};
/* End PBXResourcesBuildPhase section */

/* Begin PBXSourcesBuildPhase section */
		642CA5831949D6E300820639 /* Sources */ = {
			isa = PBXSourcesBuildPhase;
			buildActionMask = 2147483647;
			files = (
				642CA58D1949D6E300820639 /* AppDelegate.swift in Sources */,
			);
			runOnlyForDeploymentPostprocessing = 0;
		};
		642CA5901949D6E300820639 /* Sources */ = {
			isa = PBXSourcesBuildPhase;
			buildActionMask = 2147483647;
			files = (
				642CA59B1949D6E300820639 /* BuildConfigurationsTests.swift in Sources */,
			);
			runOnlyForDeploymentPostprocessing = 0;
		};
/* End PBXSourcesBuildPhase section */

/* Begin PBXTargetDependency section */
		642CA5961949D6E300820639 /* PBXTargetDependency */ = {
			isa = PBXTargetDependency;
			target = 642CA5861949D6E300820639 /* BuildConfigurations */;
			targetProxy = 642CA5951949D6E300820639 /* PBXContainerItemProxy */;
		};
/* End PBXTargetDependency section */

/* Begin XCBuildConfiguration section */
		642CA59C1949D6E300820639 /* Debug */ = {
			isa = XCBuildConfiguration;
			buildSettings = {
				ALWAYS_SEARCH_USER_PATHS = NO;
				CLANG_CXX_LANGUAGE_STANDARD = "gnu++0x";
				CLANG_CXX_LIBRARY = "libc++";
				CLANG_ENABLE_MODULES = YES;
				CLANG_ENABLE_OBJC_ARC = YES;
				CLANG_WARN_BOOL_CONVERSION = YES;
				CLANG_WARN_CONSTANT_CONVERSION = YES;
				CLANG_WARN_DIRECT_OBJC_ISA_USAGE = YES_ERROR;
				CLANG_WARN_EMPTY_BODY = YES;
				CLANG_WARN_ENUM_CONVERSION = YES;
				CLANG_WARN_INT_CONVERSION = YES;
				CLANG_WARN_OBJC_ROOT_CLASS = YES_ERROR;
				CLANG_WARN_UNREACHABLE_CODE = YES;
				CLANG_WARN__DUPLICATE_METHOD_MATCH = YES;
				"CODE_SIGN_IDENTITY[sdk=iphoneos*]" = "iPhone Developer";
				COPY_PHASE_STRIP = NO;
				ENABLE_STRICT_OBJC_MSGSEND = YES;
				GCC_C_LANGUAGE_STANDARD = gnu99;
				GCC_DYNAMIC_NO_PIC = NO;
				GCC_OPTIMIZATION_LEVEL = 0;
				GCC_PREPROCESSOR_DEFINITIONS = (
					"DEBUG=1",
					"$(inherited)",
				);
				GCC_SYMBOLS_PRIVATE_EXTERN = NO;
				GCC_WARN_64_TO_32_BIT_CONVERSION = YES;
				GCC_WARN_ABOUT_RETURN_TYPE = YES_ERROR;
				GCC_WARN_UNDECLARED_SELECTOR = YES;
				GCC_WARN_UNINITIALIZED_AUTOS = YES_AGGRESSIVE;
				GCC_WARN_UNUSED_FUNCTION = YES;
				GCC_WARN_UNUSED_VARIABLE = YES;
				IPHONEOS_DEPLOYMENT_TARGET = 8.0;
				METAL_ENABLE_DEBUG_INFO = YES;
				ONLY_ACTIVE_ARCH = YES;
				SDKROOT = iphoneos;
				SWIFT_OPTIMIZATION_LEVEL = "-Onone";
				TARGETED_DEVICE_FAMILY = "1,2";
			};
			name = Debug;
		};
		642CA59D1949D6E300820639 /* Release */ = {
			isa = XCBuildConfiguration;
			buildSettings = {
				ALWAYS_SEARCH_USER_PATHS = NO;
				CLANG_CXX_LANGUAGE_STANDARD = "gnu++0x";
				CLANG_CXX_LIBRARY = "libc++";
				CLANG_ENABLE_MODULES = YES;
				CLANG_ENABLE_OBJC_ARC = YES;
				CLANG_WARN_BOOL_CONVERSION = YES;
				CLANG_WARN_CONSTANT_CONVERSION = YES;
				CLANG_WARN_DIRECT_OBJC_ISA_USAGE = YES_ERROR;
				CLANG_WARN_EMPTY_BODY = YES;
				CLANG_WARN_ENUM_CONVERSION = YES;
				CLANG_WARN_INT_CONVERSION = YES;
				CLANG_WARN_OBJC_ROOT_CLASS = YES_ERROR;
				CLANG_WARN_UNREACHABLE_CODE = YES;
				CLANG_WARN__DUPLICATE_METHOD_MATCH = YES;
				"CODE_SIGN_IDENTITY[sdk=iphoneos*]" = "iPhone Developer";
				COPY_PHASE_STRIP = YES;
				ENABLE_NS_ASSERTIONS = NO;
				ENABLE_STRICT_OBJC_MSGSEND = YES;
				GCC_C_LANGUAGE_STANDARD = gnu99;
				GCC_WARN_64_TO_32_BIT_CONVERSION = YES;
				GCC_WARN_ABOUT_RETURN_TYPE = YES_ERROR;
				GCC_WARN_UNDECLARED_SELECTOR = YES;
				GCC_WARN_UNINITIALIZED_AUTOS = YES_AGGRESSIVE;
				GCC_WARN_UNUSED_FUNCTION = YES;
				GCC_WARN_UNUSED_VARIABLE = YES;
				IPHONEOS_DEPLOYMENT_TARGET = 8.0;
				METAL_ENABLE_DEBUG_INFO = NO;
				SDKROOT = iphoneos;
				TARGETED_DEVICE_FAMILY = "1,2";
				VALIDATE_PRODUCT = YES;
			};
			name = Release;
		};
		642CA59F1949D6E300820639 /* Debug */ = {
			isa = XCBuildConfiguration;
			buildSettings = {
				ASSETCATALOG_COMPILER_APPICON_NAME = AppIcon;
				ASSETCATALOG_COMPILER_LAUNCHIMAGE_NAME = LaunchImage;
				INFOPLIST_FILE = BuildConfigurations/Info.plist;
				LD_RUNPATH_SEARCH_PATHS = "$(inherited) @executable_path/Frameworks";
				OTHER_SWIFT_FLAGS = "-D staging";
				PRODUCT_NAME = "$(TARGET_NAME)";
			};
			name = Debug;
		};
		642CA5A01949D6E300820639 /* Release */ = {
			isa = XCBuildConfiguration;
			buildSettings = {
				ASSETCATALOG_COMPILER_APPICON_NAME = AppIcon;
				ASSETCATALOG_COMPILER_LAUNCHIMAGE_NAME = LaunchImage;
				INFOPLIST_FILE = BuildConfigurations/Info.plist;
				LD_RUNPATH_SEARCH_PATHS = "$(inherited) @executable_path/Frameworks";
				OTHER_SWIFT_FLAGS = "-D staging";
				PRODUCT_NAME = "$(TARGET_NAME)";
			};
			name = Release;
		};
		642CA5A21949D6E300820639 /* Debug */ = {
			isa = XCBuildConfiguration;
			buildSettings = {
				BUNDLE_LOADER = "$(BUILT_PRODUCTS_DIR)/BuildConfigurations.app/BuildConfigurations";
				FRAMEWORK_SEARCH_PATHS = (
					"$(SDKROOT)/Developer/Library/Frameworks",
					"$(inherited)",
				);
				GCC_PREPROCESSOR_DEFINITIONS = (
					"DEBUG=1",
					"$(inherited)",
				);
				INFOPLIST_FILE = BuildConfigurationsTests/Info.plist;
				LD_RUNPATH_SEARCH_PATHS = "$(inherited) @executable_path/Frameworks @loader_path/Frameworks";
				METAL_ENABLE_DEBUG_INFO = YES;
				PRODUCT_NAME = "$(TARGET_NAME)";
				TEST_HOST = "$(BUNDLE_LOADER)";
			};
			name = Debug;
		};
		642CA5A31949D6E300820639 /* Release */ = {
			isa = XCBuildConfiguration;
			buildSettings = {
				BUNDLE_LOADER = "$(BUILT_PRODUCTS_DIR)/BuildConfigurations.app/BuildConfigurations";
				FRAMEWORK_SEARCH_PATHS = (
					"$(SDKROOT)/Developer/Library/Frameworks",
					"$(inherited)",
				);
				INFOPLIST_FILE = BuildConfigurationsTests/Info.plist;
				LD_RUNPATH_SEARCH_PATHS = "$(inherited) @executable_path/Frameworks @loader_path/Frameworks";
				METAL_ENABLE_DEBUG_INFO = NO;
				PRODUCT_NAME = "$(TARGET_NAME)";
				TEST_HOST = "$(BUNDLE_LOADER)";
			};
			name = Release;
		};
/* End XCBuildConfiguration section */

/* Begin XCConfigurationList section */
		642CA5821949D6E300820639 /* Build configuration list for PBXProject "BuildConfigurations" */ = {
			isa = XCConfigurationList;
			buildConfigurations = (
				642CA59C1949D6E300820639 /* Debug */,
				642CA59D1949D6E300820639 /* Release */,
			);
			defaultConfigurationIsVisible = 0;
			defaultConfigurationName = Release;
		};
		642CA59E1949D6E300820639 /* Build configuration list for PBXNativeTarget "BuildConfigurations" */ = {
			isa = XCConfigurationList;
			buildConfigurations = (
				642CA59F1949D6E300820639 /* Debug */,
				642CA5A01949D6E300820639 /* Release */,
			);
			defaultConfigurationIsVisible = 0;
		};
		642CA5A11949D6E300820639 /* Build configuration list for PBXNativeTarget "BuildConfigurationsTests" */ = {
			isa = XCConfigurationList;
			buildConfigurations = (
				642CA5A21949D6E300820639 /* Debug */,
				642CA5A31949D6E300820639 /* Release */,
			);
			defaultConfigurationIsVisible = 0;
		};
/* End XCConfigurationList section */
	};
	rootObject = 642CA57F1949D6E300820639 /* Project object */;
}
